
Microsoft Visual Studio Solution File, Format Version 12.00
# Visual Studio Version 16
VisualStudioVersion = 16.0.31410.357
MinimumVisualStudioVersion = 10.0.40219.1
Project("{FAE04EC0-301F-11D3-BF4B-00C04F79EFBC}") = "MTCars Console App", "MTCars Console App.csproj", "{5796181B-BDD8-49D4-AF52-9405C84C4CA8}"
EndProject
Global
	GlobalSection(SolutionConfigurationPlatforms) = preSolution
		Debug|Any CPU = Debug|Any CPU
		Release|Any CPU = Release|Any CPU
	EndGlobalSection
	GlobalSection(ProjectConfigurationPlatforms) = postSolution
		{5796181B-BDD8-49D4-AF52-9405C84C4CA8}.Debug|Any CPU.ActiveCfg = Debug|Any CPU
		{5796181B-BDD8-49D4-AF52-9405C84C4CA8}.Debug|Any CPU.Build.0 = Debug|Any CPU
		{5796181B-BDD8-49D4-AF52-9405C84C4CA8}.Release|Any CPU.ActiveCfg = Release|Any CPU
		{5796181B-BDD8-49D4-AF52-9405C84C4CA8}.Release|Any CPU.Build.0 = Release|Any CPU
	EndGlobalSection
	GlobalSection(SolutionProperties) = preSolution
		HideSolutionNode = FALSE
	EndGlobalSection
	GlobalSection(ExtensibilityGlobals) = postSolution
		SolutionGuid = {479F19F3-D4C7-4359-847F-D2BCE9BFC71C}
	EndGlobalSection
EndGlobal
